
Microsoft Visual Studio Solution File, Format Version 12.00
# Visual Studio Version 17
VisualStudioVersion = 17.2.32519.379
MinimumVisualStudioVersion = 10.0.40219.1
Project("{FAE04EC0-301F-11D3-BF4B-00C04F79EFBC}") = "MatchActors", "MatchActors\MatchActors.csproj", "{ACCCA850-2FFE-4375-BBE1-7E6B87DB1BA1}"
EndProject
Project("{FAE04EC0-301F-11D3-BF4B-00C04F79EFBC}") = "MatchActors.Domain", "MatchActors.Domain\MatchActors.Domain.csproj", "{AB0519A5-32CA-40E1-9132-0F3395BB7D4F}"
EndProject
Project("{FAE04EC0-301F-11D3-BF4B-00C04F79EFBC}") = "MatchActors.Infrastructure", "MatchActors.Infrastructure\MatchActors.Infrastructure.csproj", "{C1B6B655-37B5-4215-BA7A-6658BE3F188E}"
EndProject
Project("{FAE04EC0-301F-11D3-BF4B-00C04F79EFBC}") = "MatchActors.Application", "MatchActors.Application\MatchActors.Application.csproj", "{AD852E4B-638C-45A0-8C68-5A296F88292D}"
EndProject
Global
	GlobalSection(SolutionConfigurationPlatforms) = preSolution
		Debug|Any CPU = Debug|Any CPU
		Release|Any CPU = Release|Any CPU
	EndGlobalSection
	GlobalSection(ProjectConfigurationPlatforms) = postSolution
		{ACCCA850-2FFE-4375-BBE1-7E6B87DB1BA1}.Debug|Any CPU.ActiveCfg = Debug|Any CPU
		{ACCCA850-2FFE-4375-BBE1-7E6B87DB1BA1}.Debug|Any CPU.Build.0 = Debug|Any CPU
		{ACCCA850-2FFE-4375-BBE1-7E6B87DB1BA1}.Release|Any CPU.ActiveCfg = Release|Any CPU
		{ACCCA850-2FFE-4375-BBE1-7E6B87DB1BA1}.Release|Any CPU.Build.0 = Release|Any CPU
		{AB0519A5-32CA-40E1-9132-0F3395BB7D4F}.Debug|Any CPU.ActiveCfg = Debug|Any CPU
		{AB0519A5-32CA-40E1-9132-0F3395BB7D4F}.Debug|Any CPU.Build.0 = Debug|Any CPU
		{AB0519A5-32CA-40E1-9132-0F3395BB7D4F}.Release|Any CPU.ActiveCfg = Release|Any CPU
		{AB0519A5-32CA-40E1-9132-0F3395BB7D4F}.Release|Any CPU.Build.0 = Release|Any CPU
		{C1B6B655-37B5-4215-BA7A-6658BE3F188E}.Debug|Any CPU.ActiveCfg = Debug|Any CPU
		{C1B6B655-37B5-4215-BA7A-6658BE3F188E}.Debug|Any CPU.Build.0 = Debug|Any CPU
		{C1B6B655-37B5-4215-BA7A-6658BE3F188E}.Release|Any CPU.ActiveCfg = Release|Any CPU
		{C1B6B655-37B5-4215-BA7A-6658BE3F188E}.Release|Any CPU.Build.0 = Release|Any CPU
		{AD852E4B-638C-45A0-8C68-5A296F88292D}.Debug|Any CPU.ActiveCfg = Debug|Any CPU
		{AD852E4B-638C-45A0-8C68-5A296F88292D}.Debug|Any CPU.Build.0 = Debug|Any CPU
		{AD852E4B-638C-45A0-8C68-5A296F88292D}.Release|Any CPU.ActiveCfg = Release|Any CPU
		{AD852E4B-638C-45A0-8C68-5A296F88292D}.Release|Any CPU.Build.0 = Release|Any CPU
	EndGlobalSection
	GlobalSection(SolutionProperties) = preSolution
		HideSolutionNode = FALSE
	EndGlobalSection
	GlobalSection(ExtensibilityGlobals) = postSolution
		SolutionGuid = {0330EF5D-AC50-4EB6-8B8B-4478A388B99C}
	EndGlobalSection
EndGlobal
